{
  "pins" : [
    {
      "identity" : "swift-argument-parser",
      "kind" : "remoteSourceControl",
      "location" : "https://github.com/apple/swift-argument-parser",
      "state" : {
        "revision" : "9f39744e025c7d377987f30b03770805dcb0bcd1",
        "version" : "1.1.4"
      }
    },
    {
      "identity" : "swift-docc-plugin",
      "kind" : "remoteSourceControl",
      "location" : "https://github.com/apple/swift-docc-plugin",
      "state" : {
        "revision" : "3303b164430d9a7055ba484c8ead67a52f7b74f6",
        "version" : "1.0.0"
      }
    }
  ],
  "version" : 2
}
